{
  "object": {
    "pins": [
      {
        "package": "AmrSwiftUI",
        "repositoryURL": "https://github.com/amraboelela/AmrSwiftUI.git",
        "state": {
          "branch": "main",
          "revision": "148f3a90abbbd06a5df1bae688e7863a9cf077d4",
          "version": null
        }
      },
      {
        "package": "GlobalLocatorLib",
        "repositoryURL": "https://github.com/amraboelela/GlobalLocatorLib.git",
        "state": {
          "branch": "main",
          "revision": "d563835db3b3f9146f60e2b27728a0e5c1082446",
          "version": null
        }
      }
    ]
  },
  "version": 1
}
