{
  "object": {
    "pins": [
      {
        "package": "AmrSwiftUI",
        "repositoryURL": "https://github.com/amraboelela/AmrSwiftUI.git",
        "state": {
          "branch": "main",
          "revision": "8424457f7328a7dc100ad38a41c825bb66c6b2bb",
          "version": null
        }
      },
      {
        "package": "GlobalLocatorLib",
        "repositoryURL": "https://github.com/amraboelela/GlobalLocatorLib.git",
        "state": {
          "branch": "main",
          "revision": "a1923d7ea788c3e0c4b54e0856f92dc82f1a5056",
          "version": null
        }
      }
    ]
  },
  "version": 1
}
