{
  "object": {
    "pins": [
      {
        "package": "AmrSwiftUI",
        "repositoryURL": "https://github.com/amraboelela/AmrSwiftUI.git",
        "state": {
          "branch": "main",
          "revision": "b88e35b1ca9fda8a536d8797c7ab138bb746196b",
          "version": null
        }
      },
      {
        "package": "GlobalLocatorLib",
        "repositoryURL": "https://github.com/amraboelela/GlobalLocatorLib.git",
        "state": {
          "branch": "main",
          "revision": "d2c4669d82a50ca59c4763de2e0c1a4754069cfc",
          "version": null
        }
      }
    ]
  },
  "version": 1
}
