// !$*UTF8*$!
{
	archiveVersion = 1;
	classes = {
	};
	objectVersion = 52;
	objects = {

/* Begin PBXBuildFile section */
		F5D44F0C26783F7D009ECECB /* Tests_iOS.swift in Sources */ = {isa = PBXBuildFile; fileRef = F5D44F0B26783F7D009ECECB /* Tests_iOS.swift */; };
		F5D44F1726783F7E009ECECB /* Tests_macOS.swift in Sources */ = {isa = PBXBuildFile; fileRef = F5D44F1626783F7E009ECECB /* Tests_macOS.swift */; };
		F5D44F1926783F7E009ECECB /* GlobalLocatorApp.swift in Sources */ = {isa = PBXBuildFile; fileRef = F5D44EF026783F6E009ECECB /* GlobalLocatorApp.swift */; };
		F5D44F1A26783F7E009ECECB /* GlobalLocatorApp.swift in Sources */ = {isa = PBXBuildFile; fileRef = F5D44EF026783F6E009ECECB /* GlobalLocatorApp.swift */; };
		F5D44F1B26783F7E009ECECB /* ContentView.swift in Sources */ = {isa = PBXBuildFile; fileRef = F5D44EF126783F6E009ECECB /* ContentView.swift */; };
		F5D44F1C26783F7E009ECECB /* ContentView.swift in Sources */ = {isa = PBXBuildFile; fileRef = F5D44EF126783F6E009ECECB /* ContentView.swift */; };
		F5D44F1D26783F7E009ECECB /* Assets.xcassets in Resources */ = {isa = PBXBuildFile; fileRef = F5D44EF226783F7D009ECECB /* Assets.xcassets */; };
		F5D44F1E26783F7E009ECECB /* Assets.xcassets in Resources */ = {isa = PBXBuildFile; fileRef = F5D44EF226783F7D009ECECB /* Assets.xcassets */; };
		F5D44F47267D10DB009ECECB /* AmrSwiftUI in Frameworks */ = {isa = PBXBuildFile; productRef = F5D44F46267D10DB009ECECB /* AmrSwiftUI */; };
		F5D44F4D267FD36F009ECECB /* GlobalLocatorLib in Frameworks */ = {isa = PBXBuildFile; productRef = F5D44F4C267FD36F009ECECB /* GlobalLocatorLib */; };
		F5D44F50267FD3E7009ECECB /* AmrSwiftUI in Frameworks */ = {isa = PBXBuildFile; productRef = F5D44F4F267FD3E7009ECECB /* AmrSwiftUI */; };
		F5D44F52267FD3E7009ECECB /* GlobalLocatorLib in Frameworks */ = {isa = PBXBuildFile; productRef = F5D44F51267FD3E7009ECECB /* GlobalLocatorLib */; };
		F5D44F54268106AC009ECECB /* Combine.framework in Frameworks */ = {isa = PBXBuildFile; fileRef = F5D44F53268106AC009ECECB /* Combine.framework */; };
/* End PBXBuildFile section */

/* Begin PBXContainerItemProxy section */
		F5D44F0826783F7D009ECECB /* PBXContainerItemProxy */ = {
			isa = PBXContainerItemProxy;
			containerPortal = F5D44EEB26783F6E009ECECB /* Project object */;
			proxyType = 1;
			remoteGlobalIDString = F5D44EF626783F7D009ECECB;
			remoteInfo = "GlobalLocator (iOS)";
		};
		F5D44F1326783F7D009ECECB /* PBXContainerItemProxy */ = {
			isa = PBXContainerItemProxy;
			containerPortal = F5D44EEB26783F6E009ECECB /* Project object */;
			proxyType = 1;
			remoteGlobalIDString = F5D44EFE26783F7D009ECECB;
			remoteInfo = "GlobalLocator (macOS)";
		};
/* End PBXContainerItemProxy section */

/* Begin PBXFileReference section */
		F5D44EF026783F6E009ECECB /* GlobalLocatorApp.swift */ = {isa = PBXFileReference; lastKnownFileType = sourcecode.swift; path = GlobalLocatorApp.swift; sourceTree = "<group>"; };
		F5D44EF126783F6E009ECECB /* ContentView.swift */ = {isa = PBXFileReference; lastKnownFileType = sourcecode.swift; path = ContentView.swift; sourceTree = "<group>"; };
		F5D44EF226783F7D009ECECB /* Assets.xcassets */ = {isa = PBXFileReference; lastKnownFileType = folder.assetcatalog; path = Assets.xcassets; sourceTree = "<group>"; };
		F5D44EF726783F7D009ECECB /* GlobalLocator.app */ = {isa = PBXFileReference; explicitFileType = wrapper.application; includeInIndex = 0; path = GlobalLocator.app; sourceTree = BUILT_PRODUCTS_DIR; };
		F5D44EFA26783F7D009ECECB /* Info.plist */ = {isa = PBXFileReference; lastKnownFileType = text.plist.xml; path = Info.plist; sourceTree = "<group>"; };
		F5D44EFF26783F7D009ECECB /* GlobalLocator.app */ = {isa = PBXFileReference; explicitFileType = wrapper.application; includeInIndex = 0; path = GlobalLocator.app; sourceTree = BUILT_PRODUCTS_DIR; };
		F5D44F0126783F7D009ECECB /* Info.plist */ = {isa = PBXFileReference; lastKnownFileType = text.plist.xml; path = Info.plist; sourceTree = "<group>"; };
		F5D44F0226783F7D009ECECB /* macOS.entitlements */ = {isa = PBXFileReference; lastKnownFileType = text.plist.entitlements; path = macOS.entitlements; sourceTree = "<group>"; };
		F5D44F0726783F7D009ECECB /* Tests iOS.xctest */ = {isa = PBXFileReference; explicitFileType = wrapper.cfbundle; includeInIndex = 0; path = "Tests iOS.xctest"; sourceTree = BUILT_PRODUCTS_DIR; };
		F5D44F0B26783F7D009ECECB /* Tests_iOS.swift */ = {isa = PBXFileReference; lastKnownFileType = sourcecode.swift; path = Tests_iOS.swift; sourceTree = "<group>"; };
		F5D44F0D26783F7D009ECECB /* Info.plist */ = {isa = PBXFileReference; lastKnownFileType = text.plist.xml; path = Info.plist; sourceTree = "<group>"; };
		F5D44F1226783F7D009ECECB /* Tests macOS.xctest */ = {isa = PBXFileReference; explicitFileType = wrapper.cfbundle; includeInIndex = 0; path = "Tests macOS.xctest"; sourceTree = BUILT_PRODUCTS_DIR; };
		F5D44F1626783F7E009ECECB /* Tests_macOS.swift */ = {isa = PBXFileReference; lastKnownFileType = sourcecode.swift; path = Tests_macOS.swift; sourceTree = "<group>"; };
		F5D44F1826783F7E009ECECB /* Info.plist */ = {isa = PBXFileReference; lastKnownFileType = text.plist.xml; path = Info.plist; sourceTree = "<group>"; };
		F5D44F53268106AC009ECECB /* Combine.framework */ = {isa = PBXFileReference; lastKnownFileType = wrapper.framework; name = Combine.framework; path = Platforms/iPhoneOS.platform/Developer/SDKs/iPhoneOS14.5.sdk/System/Library/Frameworks/Combine.framework; sourceTree = DEVELOPER_DIR; };
/* End PBXFileReference section */

/* Begin PBXFrameworksBuildPhase section */
		F5D44EF426783F7D009ECECB /* Frameworks */ = {
			isa = PBXFrameworksBuildPhase;
			buildActionMask = 2147483647;
			files = (
				F5D44F4D267FD36F009ECECB /* GlobalLocatorLib in Frameworks */,
				F5D44F54268106AC009ECECB /* Combine.framework in Frameworks */,
				F5D44F47267D10DB009ECECB /* AmrSwiftUI in Frameworks */,
			);
			runOnlyForDeploymentPostprocessing = 0;
		};
		F5D44EFC26783F7D009ECECB /* Frameworks */ = {
			isa = PBXFrameworksBuildPhase;
			buildActionMask = 2147483647;
			files = (
				F5D44F52267FD3E7009ECECB /* GlobalLocatorLib in Frameworks */,
				F5D44F50267FD3E7009ECECB /* AmrSwiftUI in Frameworks */,
			);
			runOnlyForDeploymentPostprocessing = 0;
		};
		F5D44F0426783F7D009ECECB /* Frameworks */ = {
			isa = PBXFrameworksBuildPhase;
			buildActionMask = 2147483647;
			files = (
			);
			runOnlyForDeploymentPostprocessing = 0;
		};
		F5D44F0F26783F7D009ECECB /* Frameworks */ = {
			isa = PBXFrameworksBuildPhase;
			buildActionMask = 2147483647;
			files = (
			);
			runOnlyForDeploymentPostprocessing = 0;
		};
/* End PBXFrameworksBuildPhase section */

/* Begin PBXGroup section */
		F5D44EEA26783F6D009ECECB = {
			isa = PBXGroup;
			children = (
				F5D44EEF26783F6E009ECECB /* Shared */,
				F5D44EF926783F7D009ECECB /* iOS */,
				F5D44F0026783F7D009ECECB /* macOS */,
				F5D44F0A26783F7D009ECECB /* Tests iOS */,
				F5D44F1526783F7E009ECECB /* Tests macOS */,
				F5D44EF826783F7D009ECECB /* Products */,
				F5D44F4E267FD3E7009ECECB /* Frameworks */,
			);
			sourceTree = "<group>";
		};
		F5D44EEF26783F6E009ECECB /* Shared */ = {
			isa = PBXGroup;
			children = (
				F5D44EF026783F6E009ECECB /* GlobalLocatorApp.swift */,
				F5D44EF126783F6E009ECECB /* ContentView.swift */,
				F5D44EF226783F7D009ECECB /* Assets.xcassets */,
			);
			path = Shared;
			sourceTree = "<group>";
		};
		F5D44EF826783F7D009ECECB /* Products */ = {
			isa = PBXGroup;
			children = (
				F5D44EF726783F7D009ECECB /* GlobalLocator.app */,
				F5D44EFF26783F7D009ECECB /* GlobalLocator.app */,
				F5D44F0726783F7D009ECECB /* Tests iOS.xctest */,
				F5D44F1226783F7D009ECECB /* Tests macOS.xctest */,
			);
			name = Products;
			sourceTree = "<group>";
		};
		F5D44EF926783F7D009ECECB /* iOS */ = {
			isa = PBXGroup;
			children = (
				F5D44EFA26783F7D009ECECB /* Info.plist */,
			);
			path = iOS;
			sourceTree = "<group>";
		};
		F5D44F0026783F7D009ECECB /* macOS */ = {
			isa = PBXGroup;
			children = (
				F5D44F0126783F7D009ECECB /* Info.plist */,
				F5D44F0226783F7D009ECECB /* macOS.entitlements */,
			);
			path = macOS;
			sourceTree = "<group>";
		};
		F5D44F0A26783F7D009ECECB /* Tests iOS */ = {
			isa = PBXGroup;
			children = (
				F5D44F0B26783F7D009ECECB /* Tests_iOS.swift */,
				F5D44F0D26783F7D009ECECB /* Info.plist */,
			);
			path = "Tests iOS";
			sourceTree = "<group>";
		};
		F5D44F1526783F7E009ECECB /* Tests macOS */ = {
			isa = PBXGroup;
			children = (
				F5D44F1626783F7E009ECECB /* Tests_macOS.swift */,
				F5D44F1826783F7E009ECECB /* Info.plist */,
			);
			path = "Tests macOS";
			sourceTree = "<group>";
		};
		F5D44F4E267FD3E7009ECECB /* Frameworks */ = {
			isa = PBXGroup;
			children = (
				F5D44F53268106AC009ECECB /* Combine.framework */,
			);
			name = Frameworks;
			sourceTree = "<group>";
		};
/* End PBXGroup section */

/* Begin PBXNativeTarget section */
		F5D44EF626783F7D009ECECB /* GlobalLocator (iOS) */ = {
			isa = PBXNativeTarget;
			buildConfigurationList = F5D44F2126783F7E009ECECB /* Build configuration list for PBXNativeTarget "GlobalLocator (iOS)" */;
			buildPhases = (
				F5D44EF326783F7D009ECECB /* Sources */,
				F5D44EF426783F7D009ECECB /* Frameworks */,
				F5D44EF526783F7D009ECECB /* Resources */,
			);
			buildRules = (
			);
			dependencies = (
			);
			name = "GlobalLocator (iOS)";
			packageProductDependencies = (
				F5D44F46267D10DB009ECECB /* AmrSwiftUI */,
				F5D44F4C267FD36F009ECECB /* GlobalLocatorLib */,
			);
			productName = "GlobalLocator (iOS)";
			productReference = F5D44EF726783F7D009ECECB /* GlobalLocator.app */;
			productType = "com.apple.product-type.application";
		};
		F5D44EFE26783F7D009ECECB /* GlobalLocator (macOS) */ = {
			isa = PBXNativeTarget;
			buildConfigurationList = F5D44F2426783F7E009ECECB /* Build configuration list for PBXNativeTarget "GlobalLocator (macOS)" */;
			buildPhases = (
				F5D44EFB26783F7D009ECECB /* Sources */,
				F5D44EFC26783F7D009ECECB /* Frameworks */,
				F5D44EFD26783F7D009ECECB /* Resources */,
			);
			buildRules = (
			);
			dependencies = (
			);
			name = "GlobalLocator (macOS)";
			packageProductDependencies = (
				F5D44F4F267FD3E7009ECECB /* AmrSwiftUI */,
				F5D44F51267FD3E7009ECECB /* GlobalLocatorLib */,
			);
			productName = "GlobalLocator (macOS)";
			productReference = F5D44EFF26783F7D009ECECB /* GlobalLocator.app */;
			productType = "com.apple.product-type.application";
		};
		F5D44F0626783F7D009ECECB /* Tests iOS */ = {
			isa = PBXNativeTarget;
			buildConfigurationList = F5D44F2726783F7E009ECECB /* Build configuration list for PBXNativeTarget "Tests iOS" */;
			buildPhases = (
				F5D44F0326783F7D009ECECB /* Sources */,
				F5D44F0426783F7D009ECECB /* Frameworks */,
				F5D44F0526783F7D009ECECB /* Resources */,
			);
			buildRules = (
			);
			dependencies = (
				F5D44F0926783F7D009ECECB /* PBXTargetDependency */,
			);
			name = "Tests iOS";
			productName = "Tests iOS";
			productReference = F5D44F0726783F7D009ECECB /* Tests iOS.xctest */;
			productType = "com.apple.product-type.bundle.ui-testing";
		};
		F5D44F1126783F7D009ECECB /* Tests macOS */ = {
			isa = PBXNativeTarget;
			buildConfigurationList = F5D44F2A26783F7E009ECECB /* Build configuration list for PBXNativeTarget "Tests macOS" */;
			buildPhases = (
				F5D44F0E26783F7D009ECECB /* Sources */,
				F5D44F0F26783F7D009ECECB /* Frameworks */,
				F5D44F1026783F7D009ECECB /* Resources */,
			);
			buildRules = (
			);
			dependencies = (
				F5D44F1426783F7D009ECECB /* PBXTargetDependency */,
			);
			name = "Tests macOS";
			productName = "Tests macOS";
			productReference = F5D44F1226783F7D009ECECB /* Tests macOS.xctest */;
			productType = "com.apple.product-type.bundle.ui-testing";
		};
/* End PBXNativeTarget section */

/* Begin PBXProject section */
		F5D44EEB26783F6E009ECECB /* Project object */ = {
			isa = PBXProject;
			attributes = {
				LastSwiftUpdateCheck = 1250;
				LastUpgradeCheck = 1250;
				TargetAttributes = {
					F5D44EF626783F7D009ECECB = {
						CreatedOnToolsVersion = 12.5;
					};
					F5D44EFE26783F7D009ECECB = {
						CreatedOnToolsVersion = 12.5;
					};
					F5D44F0626783F7D009ECECB = {
						CreatedOnToolsVersion = 12.5;
						TestTargetID = F5D44EF626783F7D009ECECB;
					};
					F5D44F1126783F7D009ECECB = {
						CreatedOnToolsVersion = 12.5;
						TestTargetID = F5D44EFE26783F7D009ECECB;
					};
				};
			};
			buildConfigurationList = F5D44EEE26783F6E009ECECB /* Build configuration list for PBXProject "GlobalLocator" */;
			compatibilityVersion = "Xcode 9.3";
			developmentRegion = en;
			hasScannedForEncodings = 0;
			knownRegions = (
				en,
				Base,
			);
			mainGroup = F5D44EEA26783F6D009ECECB;
			packageReferences = (
				F5D44F45267D10DB009ECECB /* XCRemoteSwiftPackageReference "AmrSwiftUI" */,
				F5D44F4B267FD36F009ECECB /* XCRemoteSwiftPackageReference "GlobalLocatorLib" */,
			);
			productRefGroup = F5D44EF826783F7D009ECECB /* Products */;
			projectDirPath = "";
			projectRoot = "";
			targets = (
				F5D44EF626783F7D009ECECB /* GlobalLocator (iOS) */,
				F5D44EFE26783F7D009ECECB /* GlobalLocator (macOS) */,
				F5D44F0626783F7D009ECECB /* Tests iOS */,
				F5D44F1126783F7D009ECECB /* Tests macOS */,
			);
		};
/* End PBXProject section */

/* Begin PBXResourcesBuildPhase section */
		F5D44EF526783F7D009ECECB /* Resources */ = {
			isa = PBXResourcesBuildPhase;
			buildActionMask = 2147483647;
			files = (
				F5D44F1D26783F7E009ECECB /* Assets.xcassets in Resources */,
			);
			runOnlyForDeploymentPostprocessing = 0;
		};
		F5D44EFD26783F7D009ECECB /* Resources */ = {
			isa = PBXResourcesBuildPhase;
			buildActionMask = 2147483647;
			files = (
				F5D44F1E26783F7E009ECECB /* Assets.xcassets in Resources */,
			);
			runOnlyForDeploymentPostprocessing = 0;
		};
		F5D44F0526783F7D009ECECB /* Resources */ = {
			isa = PBXResourcesBuildPhase;
			buildActionMask = 2147483647;
			files = (
			);
			runOnlyForDeploymentPostprocessing = 0;
		};
		F5D44F1026783F7D009ECECB /* Resources */ = {
			isa = PBXResourcesBuildPhase;
			buildActionMask = 2147483647;
			files = (
			);
			runOnlyForDeploymentPostprocessing = 0;
		};
/* End PBXResourcesBuildPhase section */

/* Begin PBXSourcesBuildPhase section */
		F5D44EF326783F7D009ECECB /* Sources */ = {
			isa = PBXSourcesBuildPhase;
			buildActionMask = 2147483647;
			files = (
				F5D44F1B26783F7E009ECECB /* ContentView.swift in Sources */,
				F5D44F1926783F7E009ECECB /* GlobalLocatorApp.swift in Sources */,
			);
			runOnlyForDeploymentPostprocessing = 0;
		};
		F5D44EFB26783F7D009ECECB /* Sources */ = {
			isa = PBXSourcesBuildPhase;
			buildActionMask = 2147483647;
			files = (
				F5D44F1C26783F7E009ECECB /* ContentView.swift in Sources */,
				F5D44F1A26783F7E009ECECB /* GlobalLocatorApp.swift in Sources */,
			);
			runOnlyForDeploymentPostprocessing = 0;
		};
		F5D44F0326783F7D009ECECB /* Sources */ = {
			isa = PBXSourcesBuildPhase;
			buildActionMask = 2147483647;
			files = (
				F5D44F0C26783F7D009ECECB /* Tests_iOS.swift in Sources */,
			);
			runOnlyForDeploymentPostprocessing = 0;
		};
		F5D44F0E26783F7D009ECECB /* Sources */ = {
			isa = PBXSourcesBuildPhase;
			buildActionMask = 2147483647;
			files = (
				F5D44F1726783F7E009ECECB /* Tests_macOS.swift in Sources */,
			);
			runOnlyForDeploymentPostprocessing = 0;
		};
/* End PBXSourcesBuildPhase section */

/* Begin PBXTargetDependency section */
		F5D44F0926783F7D009ECECB /* PBXTargetDependency */ = {
			isa = PBXTargetDependency;
			target = F5D44EF626783F7D009ECECB /* GlobalLocator (iOS) */;
			targetProxy = F5D44F0826783F7D009ECECB /* PBXContainerItemProxy */;
		};
		F5D44F1426783F7D009ECECB /* PBXTargetDependency */ = {
			isa = PBXTargetDependency;
			target = F5D44EFE26783F7D009ECECB /* GlobalLocator (macOS) */;
			targetProxy = F5D44F1326783F7D009ECECB /* PBXContainerItemProxy */;
		};
/* End PBXTargetDependency section */

/* Begin XCBuildConfiguration section */
		F5D44F1F26783F7E009ECECB /* Debug */ = {
			isa = XCBuildConfiguration;
			buildSettings = {
				ALWAYS_SEARCH_USER_PATHS = NO;
				CLANG_ANALYZER_NONNULL = YES;
				CLANG_ANALYZER_NUMBER_OBJECT_CONVERSION = YES_AGGRESSIVE;
				CLANG_CXX_LANGUAGE_STANDARD = "gnu++14";
				CLANG_CXX_LIBRARY = "libc++";
				CLANG_ENABLE_MODULES = YES;
				CLANG_ENABLE_OBJC_ARC = YES;
				CLANG_ENABLE_OBJC_WEAK = YES;
				CLANG_WARN_BLOCK_CAPTURE_AUTORELEASING = YES;
				CLANG_WARN_BOOL_CONVERSION = YES;
				CLANG_WARN_COMMA = YES;
				CLANG_WARN_CONSTANT_CONVERSION = YES;
				CLANG_WARN_DEPRECATED_OBJC_IMPLEMENTATIONS = YES;
				CLANG_WARN_DIRECT_OBJC_ISA_USAGE = YES_ERROR;
				CLANG_WARN_DOCUMENTATION_COMMENTS = YES;
				CLANG_WARN_EMPTY_BODY = YES;
				CLANG_WARN_ENUM_CONVERSION = YES;
				CLANG_WARN_INFINITE_RECURSION = YES;
				CLANG_WARN_INT_CONVERSION = YES;
				CLANG_WARN_NON_LITERAL_NULL_CONVERSION = YES;
				CLANG_WARN_OBJC_IMPLICIT_RETAIN_SELF = YES;
				CLANG_WARN_OBJC_LITERAL_CONVERSION = YES;
				CLANG_WARN_OBJC_ROOT_CLASS = YES_ERROR;
				CLANG_WARN_QUOTED_INCLUDE_IN_FRAMEWORK_HEADER = YES;
				CLANG_WARN_RANGE_LOOP_ANALYSIS = YES;
				CLANG_WARN_STRICT_PROTOTYPES = YES;
				CLANG_WARN_SUSPICIOUS_MOVE = YES;
				CLANG_WARN_UNGUARDED_AVAILABILITY = YES_AGGRESSIVE;
				CLANG_WARN_UNREACHABLE_CODE = YES;
				CLANG_WARN__DUPLICATE_METHOD_MATCH = YES;
				COPY_PHASE_STRIP = NO;
				DEBUG_INFORMATION_FORMAT = dwarf;
				ENABLE_STRICT_OBJC_MSGSEND = YES;
				ENABLE_TESTABILITY = YES;
				GCC_C_LANGUAGE_STANDARD = gnu11;
				GCC_DYNAMIC_NO_PIC = NO;
				GCC_NO_COMMON_BLOCKS = YES;
				GCC_OPTIMIZATION_LEVEL = 0;
				GCC_PREPROCESSOR_DEFINITIONS = (
					"DEBUG=1",
					"$(inherited)",
				);
				GCC_WARN_64_TO_32_BIT_CONVERSION = YES;
				GCC_WARN_ABOUT_RETURN_TYPE = YES_ERROR;
				GCC_WARN_UNDECLARED_SELECTOR = YES;
				GCC_WARN_UNINITIALIZED_AUTOS = YES_AGGRESSIVE;
				GCC_WARN_UNUSED_FUNCTION = YES;
				GCC_WARN_UNUSED_VARIABLE = YES;
				IPHONEOS_DEPLOYMENT_TARGET = 13.0;
				MTL_ENABLE_DEBUG_INFO = INCLUDE_SOURCE;
				MTL_FAST_MATH = YES;
				ONLY_ACTIVE_ARCH = YES;
				SWIFT_ACTIVE_COMPILATION_CONDITIONS = DEBUG;
				SWIFT_OPTIMIZATION_LEVEL = "-Onone";
			};
			name = Debug;
		};
		F5D44F2026783F7E009ECECB /* Release */ = {
			isa = XCBuildConfiguration;
			buildSettings = {
				ALWAYS_SEARCH_USER_PATHS = NO;
				CLANG_ANALYZER_NONNULL = YES;
				CLANG_ANALYZER_NUMBER_OBJECT_CONVERSION = YES_AGGRESSIVE;
				CLANG_CXX_LANGUAGE_STANDARD = "gnu++14";
				CLANG_CXX_LIBRARY = "libc++";
				CLANG_ENABLE_MODULES = YES;
				CLANG_ENABLE_OBJC_ARC = YES;
				CLANG_ENABLE_OBJC_WEAK = YES;
				CLANG_WARN_BLOCK_CAPTURE_AUTORELEASING = YES;
				CLANG_WARN_BOOL_CONVERSION = YES;
				CLANG_WARN_COMMA = YES;
				CLANG_WARN_CONSTANT_CONVERSION = YES;
				CLANG_WARN_DEPRECATED_OBJC_IMPLEMENTATIONS = YES;
				CLANG_WARN_DIRECT_OBJC_ISA_USAGE = YES_ERROR;
				CLANG_WARN_DOCUMENTATION_COMMENTS = YES;
				CLANG_WARN_EMPTY_BODY = YES;
				CLANG_WARN_ENUM_CONVERSION = YES;
				CLANG_WARN_INFINITE_RECURSION = YES;
				CLANG_WARN_INT_CONVERSION = YES;
				CLANG_WARN_NON_LITERAL_NULL_CONVERSION = YES;
				CLANG_WARN_OBJC_IMPLICIT_RETAIN_SELF = YES;
				CLANG_WARN_OBJC_LITERAL_CONVERSION = YES;
				CLANG_WARN_OBJC_ROOT_CLASS = YES_ERROR;
				CLANG_WARN_QUOTED_INCLUDE_IN_FRAMEWORK_HEADER = YES;
				CLANG_WARN_RANGE_LOOP_ANALYSIS = YES;
				CLANG_WARN_STRICT_PROTOTYPES = YES;
				CLANG_WARN_SUSPICIOUS_MOVE = YES;
				CLANG_WARN_UNGUARDED_AVAILABILITY = YES_AGGRESSIVE;
				CLANG_WARN_UNREACHABLE_CODE = YES;
				CLANG_WARN__DUPLICATE_METHOD_MATCH = YES;
				COPY_PHASE_STRIP = NO;
				DEBUG_INFORMATION_FORMAT = "dwarf-with-dsym";
				ENABLE_NS_ASSERTIONS = NO;
				ENABLE_STRICT_OBJC_MSGSEND = YES;
				GCC_C_LANGUAGE_STANDARD = gnu11;
				GCC_NO_COMMON_BLOCKS = YES;
				GCC_WARN_64_TO_32_BIT_CONVERSION = YES;
				GCC_WARN_ABOUT_RETURN_TYPE = YES_ERROR;
				GCC_WARN_UNDECLARED_SELECTOR = YES;
				GCC_WARN_UNINITIALIZED_AUTOS = YES_AGGRESSIVE;
				GCC_WARN_UNUSED_FUNCTION = YES;
				GCC_WARN_UNUSED_VARIABLE = YES;
				IPHONEOS_DEPLOYMENT_TARGET = 13.0;
				MTL_ENABLE_DEBUG_INFO = NO;
				MTL_FAST_MATH = YES;
				SWIFT_COMPILATION_MODE = wholemodule;
				SWIFT_OPTIMIZATION_LEVEL = "-O";
			};
			name = Release;
		};
		F5D44F2226783F7E009ECECB /* Debug */ = {
			isa = XCBuildConfiguration;
			buildSettings = {
				ASSETCATALOG_COMPILER_APPICON_NAME = AppIcon;
				ASSETCATALOG_COMPILER_GLOBAL_ACCENT_COLOR_NAME = AccentColor;
				CODE_SIGN_STYLE = Automatic;
				CURRENT_PROJECT_VERSION = 2;
				DEVELOPMENT_TEAM = PHEF24B589;
				ENABLE_PREVIEWS = YES;
				INFOPLIST_FILE = iOS/Info.plist;
				IPHONEOS_DEPLOYMENT_TARGET = 13.0;
				LD_RUNPATH_SEARCH_PATHS = (
					"$(inherited)",
					"@executable_path/Frameworks",
				);
				MARKETING_VERSION = 1.0.0;
				PRODUCT_BUNDLE_IDENTIFIER = net.amr.GlobalLocator;
				PRODUCT_NAME = GlobalLocator;
				SDKROOT = iphoneos;
				SWIFT_VERSION = 5.0;
				TARGETED_DEVICE_FAMILY = "1,2";
			};
			name = Debug;
		};
		F5D44F2326783F7E009ECECB /* Release */ = {
			isa = XCBuildConfiguration;
			buildSettings = {
				ASSETCATALOG_COMPILER_APPICON_NAME = AppIcon;
				ASSETCATALOG_COMPILER_GLOBAL_ACCENT_COLOR_NAME = AccentColor;
				CODE_SIGN_STYLE = Automatic;
				CURRENT_PROJECT_VERSION = 2;
				DEVELOPMENT_TEAM = PHEF24B589;
				ENABLE_PREVIEWS = YES;
				INFOPLIST_FILE = iOS/Info.plist;
				IPHONEOS_DEPLOYMENT_TARGET = 13.0;
				LD_RUNPATH_SEARCH_PATHS = (
					"$(inherited)",
					"@executable_path/Frameworks",
				);
				MARKETING_VERSION = 1.0.0;
				PRODUCT_BUNDLE_IDENTIFIER = net.amr.GlobalLocator;
				PRODUCT_NAME = GlobalLocator;
				SDKROOT = iphoneos;
				SWIFT_VERSION = 5.0;
				TARGETED_DEVICE_FAMILY = "1,2";
				VALIDATE_PRODUCT = YES;
			};
			name = Release;
		};
		F5D44F2526783F7E009ECECB /* Debug */ = {
			isa = XCBuildConfiguration;
			buildSettings = {
				ASSETCATALOG_COMPILER_APPICON_NAME = AppIcon;
				ASSETCATALOG_COMPILER_GLOBAL_ACCENT_COLOR_NAME = AccentColor;
				CODE_SIGN_ENTITLEMENTS = macOS/macOS.entitlements;
				CODE_SIGN_STYLE = Automatic;
				COMBINE_HIDPI_IMAGES = YES;
				CURRENT_PROJECT_VERSION = 2;
				DEVELOPMENT_TEAM = PHEF24B589;
				ENABLE_HARDENED_RUNTIME = YES;
				ENABLE_PREVIEWS = YES;
				INFOPLIST_FILE = macOS/Info.plist;
				LD_RUNPATH_SEARCH_PATHS = (
					"$(inherited)",
					"@executable_path/../Frameworks",
				);
				MACOSX_DEPLOYMENT_TARGET = 11.0;
				MARKETING_VERSION = 1.0.0;
				PRODUCT_BUNDLE_IDENTIFIER = net.amr.GlobalLocator;
				PRODUCT_NAME = GlobalLocator;
				SDKROOT = macosx;
				SWIFT_VERSION = 5.0;
			};
			name = Debug;
		};
		F5D44F2626783F7E009ECECB /* Release */ = {
			isa = XCBuildConfiguration;
			buildSettings = {
				ASSETCATALOG_COMPILER_APPICON_NAME = AppIcon;
				ASSETCATALOG_COMPILER_GLOBAL_ACCENT_COLOR_NAME = AccentColor;
				CODE_SIGN_ENTITLEMENTS = macOS/macOS.entitlements;
				CODE_SIGN_STYLE = Automatic;
				COMBINE_HIDPI_IMAGES = YES;
				CURRENT_PROJECT_VERSION = 2;
				DEVELOPMENT_TEAM = PHEF24B589;
				ENABLE_HARDENED_RUNTIME = YES;
				ENABLE_PREVIEWS = YES;
				INFOPLIST_FILE = macOS/Info.plist;
				LD_RUNPATH_SEARCH_PATHS = (
					"$(inherited)",
					"@executable_path/../Frameworks",
				);
				MACOSX_DEPLOYMENT_TARGET = 11.0;
				MARKETING_VERSION = 1.0.0;
				PRODUCT_BUNDLE_IDENTIFIER = net.amr.GlobalLocator;
				PRODUCT_NAME = GlobalLocator;
				SDKROOT = macosx;
				SWIFT_VERSION = 5.0;
			};
			name = Release;
		};
		F5D44F2826783F7E009ECECB /* Debug */ = {
			isa = XCBuildConfiguration;
			buildSettings = {
				ALWAYS_EMBED_SWIFT_STANDARD_LIBRARIES = YES;
				CODE_SIGN_STYLE = Automatic;
				DEVELOPMENT_TEAM = PHEF24B589;
				INFOPLIST_FILE = "Tests iOS/Info.plist";
				IPHONEOS_DEPLOYMENT_TARGET = 14.5;
				LD_RUNPATH_SEARCH_PATHS = (
					"$(inherited)",
					"@executable_path/Frameworks",
					"@loader_path/Frameworks",
				);
				PRODUCT_BUNDLE_IDENTIFIER = "amr.Tests-iOS";
				PRODUCT_NAME = "$(TARGET_NAME)";
				SDKROOT = iphoneos;
				SWIFT_VERSION = 5.0;
				TARGETED_DEVICE_FAMILY = "1,2";
				TEST_TARGET_NAME = "GlobalLocator (iOS)";
			};
			name = Debug;
		};
		F5D44F2926783F7E009ECECB /* Release */ = {
			isa = XCBuildConfiguration;
			buildSettings = {
				ALWAYS_EMBED_SWIFT_STANDARD_LIBRARIES = YES;
				CODE_SIGN_STYLE = Automatic;
				DEVELOPMENT_TEAM = PHEF24B589;
				INFOPLIST_FILE = "Tests iOS/Info.plist";
				IPHONEOS_DEPLOYMENT_TARGET = 14.5;
				LD_RUNPATH_SEARCH_PATHS = (
					"$(inherited)",
					"@executable_path/Frameworks",
					"@loader_path/Frameworks",
				);
				PRODUCT_BUNDLE_IDENTIFIER = "amr.Tests-iOS";
				PRODUCT_NAME = "$(TARGET_NAME)";
				SDKROOT = iphoneos;
				SWIFT_VERSION = 5.0;
				TARGETED_DEVICE_FAMILY = "1,2";
				TEST_TARGET_NAME = "GlobalLocator (iOS)";
				VALIDATE_PRODUCT = YES;
			};
			name = Release;
		};
		F5D44F2B26783F7E009ECECB /* Debug */ = {
			isa = XCBuildConfiguration;
			buildSettings = {
				ALWAYS_EMBED_SWIFT_STANDARD_LIBRARIES = YES;
				CODE_SIGN_STYLE = Automatic;
				COMBINE_HIDPI_IMAGES = YES;
				DEVELOPMENT_TEAM = PHEF24B589;
				INFOPLIST_FILE = "Tests macOS/Info.plist";
				LD_RUNPATH_SEARCH_PATHS = (
					"$(inherited)",
					"@executable_path/../Frameworks",
					"@loader_path/../Frameworks",
				);
				MACOSX_DEPLOYMENT_TARGET = 11.3;
				PRODUCT_BUNDLE_IDENTIFIER = "amr.Tests-macOS";
				PRODUCT_NAME = "$(TARGET_NAME)";
				SDKROOT = macosx;
				SWIFT_VERSION = 5.0;
				TEST_TARGET_NAME = "GlobalLocator (macOS)";
			};
			name = Debug;
		};
		F5D44F2C26783F7E009ECECB /* Release */ = {
			isa = XCBuildConfiguration;
			buildSettings = {
				ALWAYS_EMBED_SWIFT_STANDARD_LIBRARIES = YES;
				CODE_SIGN_STYLE = Automatic;
				COMBINE_HIDPI_IMAGES = YES;
				DEVELOPMENT_TEAM = PHEF24B589;
				INFOPLIST_FILE = "Tests macOS/Info.plist";
				LD_RUNPATH_SEARCH_PATHS = (
					"$(inherited)",
					"@executable_path/../Frameworks",
					"@loader_path/../Frameworks",
				);
				MACOSX_DEPLOYMENT_TARGET = 11.3;
				PRODUCT_BUNDLE_IDENTIFIER = "amr.Tests-macOS";
				PRODUCT_NAME = "$(TARGET_NAME)";
				SDKROOT = macosx;
				SWIFT_VERSION = 5.0;
				TEST_TARGET_NAME = "GlobalLocator (macOS)";
			};
			name = Release;
		};
/* End XCBuildConfiguration section */

/* Begin XCConfigurationList section */
		F5D44EEE26783F6E009ECECB /* Build configuration list for PBXProject "GlobalLocator" */ = {
			isa = XCConfigurationList;
			buildConfigurations = (
				F5D44F1F26783F7E009ECECB /* Debug */,
				F5D44F2026783F7E009ECECB /* Release */,
			);
			defaultConfigurationIsVisible = 0;
			defaultConfigurationName = Release;
		};
		F5D44F2126783F7E009ECECB /* Build configuration list for PBXNativeTarget "GlobalLocator (iOS)" */ = {
			isa = XCConfigurationList;
			buildConfigurations = (
				F5D44F2226783F7E009ECECB /* Debug */,
				F5D44F2326783F7E009ECECB /* Release */,
			);
			defaultConfigurationIsVisible = 0;
			defaultConfigurationName = Release;
		};
		F5D44F2426783F7E009ECECB /* Build configuration list for PBXNativeTarget "GlobalLocator (macOS)" */ = {
			isa = XCConfigurationList;
			buildConfigurations = (
				F5D44F2526783F7E009ECECB /* Debug */,
				F5D44F2626783F7E009ECECB /* Release */,
			);
			defaultConfigurationIsVisible = 0;
			defaultConfigurationName = Release;
		};
		F5D44F2726783F7E009ECECB /* Build configuration list for PBXNativeTarget "Tests iOS" */ = {
			isa = XCConfigurationList;
			buildConfigurations = (
				F5D44F2826783F7E009ECECB /* Debug */,
				F5D44F2926783F7E009ECECB /* Release */,
			);
			defaultConfigurationIsVisible = 0;
			defaultConfigurationName = Release;
		};
		F5D44F2A26783F7E009ECECB /* Build configuration list for PBXNativeTarget "Tests macOS" */ = {
			isa = XCConfigurationList;
			buildConfigurations = (
				F5D44F2B26783F7E009ECECB /* Debug */,
				F5D44F2C26783F7E009ECECB /* Release */,
			);
			defaultConfigurationIsVisible = 0;
			defaultConfigurationName = Release;
		};
/* End XCConfigurationList section */

/* Begin XCRemoteSwiftPackageReference section */
		F5D44F45267D10DB009ECECB /* XCRemoteSwiftPackageReference "AmrSwiftUI" */ = {
			isa = XCRemoteSwiftPackageReference;
			repositoryURL = "https://github.com/amraboelela/AmrSwiftUI.git";
			requirement = {
				branch = main;
				kind = branch;
			};
		};
		F5D44F4B267FD36F009ECECB /* XCRemoteSwiftPackageReference "GlobalLocatorLib" */ = {
			isa = XCRemoteSwiftPackageReference;
			repositoryURL = "https://github.com/amraboelela/GlobalLocatorLib.git";
			requirement = {
				branch = main;
				kind = branch;
			};
		};
/* End XCRemoteSwiftPackageReference section */

/* Begin XCSwiftPackageProductDependency section */
		F5D44F46267D10DB009ECECB /* AmrSwiftUI */ = {
			isa = XCSwiftPackageProductDependency;
			package = F5D44F45267D10DB009ECECB /* XCRemoteSwiftPackageReference "AmrSwiftUI" */;
			productName = AmrSwiftUI;
		};
		F5D44F4C267FD36F009ECECB /* GlobalLocatorLib */ = {
			isa = XCSwiftPackageProductDependency;
			package = F5D44F4B267FD36F009ECECB /* XCRemoteSwiftPackageReference "GlobalLocatorLib" */;
			productName = GlobalLocatorLib;
		};
		F5D44F4F267FD3E7009ECECB /* AmrSwiftUI */ = {
			isa = XCSwiftPackageProductDependency;
			package = F5D44F45267D10DB009ECECB /* XCRemoteSwiftPackageReference "AmrSwiftUI" */;
			productName = AmrSwiftUI;
		};
		F5D44F51267FD3E7009ECECB /* GlobalLocatorLib */ = {
			isa = XCSwiftPackageProductDependency;
			package = F5D44F4B267FD36F009ECECB /* XCRemoteSwiftPackageReference "GlobalLocatorLib" */;
			productName = GlobalLocatorLib;
		};
/* End XCSwiftPackageProductDependency section */
	};
	rootObject = F5D44EEB26783F6E009ECECB /* Project object */;
}
